{
    "requires": true,
    "lockfileVersion": 1,
    "dependencies": {
        "laravel-echo": {
            "version": "1.4.0",
            "resolved": "https://registry.npmjs.org/laravel-echo/-/laravel-echo-1.4.0.tgz",
            "integrity": "sha512-O0vkToCCpxuH9dYAlugTLQzG0BmxvGrjXim0LHZ0VPsFu/Y+sXnV9GvYbmcBq1rcJymQc/6GHMUCDY01lN26lQ=="
        }
    }
}
